// !$*UTF8*$!
{
	archiveVersion = 1;
	classes = {
	};
	objectVersion = 56;
	objects = {

/* Begin PBXBuildFile section */
		95AB993D2BCEFD4D00305158 /* ThreadsApp.swift in Sources */ = {isa = PBXBuildFile; fileRef = 95AB993C2BCEFD4D00305158 /* ThreadsApp.swift */; };
		95AB993F2BCEFD4D00305158 /* ContentView.swift in Sources */ = {isa = PBXBuildFile; fileRef = 95AB993E2BCEFD4D00305158 /* ContentView.swift */; };
		95AB99442BCEFD5000305158 /* Preview Assets.xcassets in Resources */ = {isa = PBXBuildFile; fileRef = 95AB99432BCEFD5000305158 /* Preview Assets.xcassets */; };
		95AB994E2BCEFD5100305158 /* ThreadsTests.swift in Sources */ = {isa = PBXBuildFile; fileRef = 95AB994D2BCEFD5100305158 /* ThreadsTests.swift */; };
		95AB99582BCEFD5100305158 /* ThreadsUITests.swift in Sources */ = {isa = PBXBuildFile; fileRef = 95AB99572BCEFD5100305158 /* ThreadsUITests.swift */; };
		95AB995A2BCEFD5100305158 /* ThreadsUITestsLaunchTests.swift in Sources */ = {isa = PBXBuildFile; fileRef = 95AB99592BCEFD5100305158 /* ThreadsUITestsLaunchTests.swift */; };
		95AB99742BCEFE3C00305158 /* LoginView.swift in Sources */ = {isa = PBXBuildFile; fileRef = 95AB99732BCEFE3C00305158 /* LoginView.swift */; };
		95AB99762BCEFFC300305158 /* Assets.xcassets in Resources */ = {isa = PBXBuildFile; fileRef = 95AB99752BCEFFC300305158 /* Assets.xcassets */; };
		95AB99782BD66F1B00305158 /* RegistrationView.swift in Sources */ = {isa = PBXBuildFile; fileRef = 95AB99772BD66F1B00305158 /* RegistrationView.swift */; };
		95AB997B2BD670C000305158 /* ThreadsTextFieldModifier.swift in Sources */ = {isa = PBXBuildFile; fileRef = 95AB997A2BD670C000305158 /* ThreadsTextFieldModifier.swift */; };
		95AB997E2BD6754F00305158 /* ThreadsTabView.swift in Sources */ = {isa = PBXBuildFile; fileRef = 95AB997D2BD6754F00305158 /* ThreadsTabView.swift */; };
		95AB99822BD6775C00305158 /* FeedView.swift in Sources */ = {isa = PBXBuildFile; fileRef = 95AB99812BD6775C00305158 /* FeedView.swift */; };
		95AB99852BD677AA00305158 /* ExploreView.swift in Sources */ = {isa = PBXBuildFile; fileRef = 95AB99842BD677AA00305158 /* ExploreView.swift */; };
		95AB99882BD677E400305158 /* CreateThreadView.swift in Sources */ = {isa = PBXBuildFile; fileRef = 95AB99872BD677E300305158 /* CreateThreadView.swift */; };
		95AB998C2BD6780E00305158 /* ActivityView.swift in Sources */ = {isa = PBXBuildFile; fileRef = 95AB998B2BD6780E00305158 /* ActivityView.swift */; };
		95AB99902BD6783800305158 /* ProfileView.swift in Sources */ = {isa = PBXBuildFile; fileRef = 95AB998F2BD6783800305158 /* ProfileView.swift */; };
		95AB99942BD6E8A200305158 /* ThreadCell.swift in Sources */ = {isa = PBXBuildFile; fileRef = 95AB99932BD6E8A200305158 /* ThreadCell.swift */; };
		95AB99972BD8503C00305158 /* CircularProfileImageView.swift in Sources */ = {isa = PBXBuildFile; fileRef = 95AB99962BD8503C00305158 /* CircularProfileImageView.swift */; };
		95AB99992BD850AB00305158 /* UserCell.swift in Sources */ = {isa = PBXBuildFile; fileRef = 95AB99982BD850AB00305158 /* UserCell.swift */; };
/* End PBXBuildFile section */

/* Begin PBXContainerItemProxy section */
		95AB994A2BCEFD5100305158 /* PBXContainerItemProxy */ = {
			isa = PBXContainerItemProxy;
			containerPortal = 95AB99312BCEFD4D00305158 /* Project object */;
			proxyType = 1;
			remoteGlobalIDString = 95AB99382BCEFD4D00305158;
			remoteInfo = Threads;
		};
		95AB99542BCEFD5100305158 /* PBXContainerItemProxy */ = {
			isa = PBXContainerItemProxy;
			containerPortal = 95AB99312BCEFD4D00305158 /* Project object */;
			proxyType = 1;
			remoteGlobalIDString = 95AB99382BCEFD4D00305158;
			remoteInfo = Threads;
		};
/* End PBXContainerItemProxy section */

/* Begin PBXFileReference section */
		95AB99392BCEFD4D00305158 /* Threads.app */ = {isa = PBXFileReference; explicitFileType = wrapper.application; includeInIndex = 0; path = Threads.app; sourceTree = BUILT_PRODUCTS_DIR; };
		95AB993C2BCEFD4D00305158 /* ThreadsApp.swift */ = {isa = PBXFileReference; lastKnownFileType = sourcecode.swift; path = ThreadsApp.swift; sourceTree = "<group>"; };
		95AB993E2BCEFD4D00305158 /* ContentView.swift */ = {isa = PBXFileReference; lastKnownFileType = sourcecode.swift; path = ContentView.swift; sourceTree = "<group>"; };
		95AB99432BCEFD5000305158 /* Preview Assets.xcassets */ = {isa = PBXFileReference; lastKnownFileType = folder.assetcatalog; path = "Preview Assets.xcassets"; sourceTree = "<group>"; };
		95AB99492BCEFD5100305158 /* ThreadsTests.xctest */ = {isa = PBXFileReference; explicitFileType = wrapper.cfbundle; includeInIndex = 0; path = ThreadsTests.xctest; sourceTree = BUILT_PRODUCTS_DIR; };
		95AB994D2BCEFD5100305158 /* ThreadsTests.swift */ = {isa = PBXFileReference; lastKnownFileType = sourcecode.swift; path = ThreadsTests.swift; sourceTree = "<group>"; };
		95AB99532BCEFD5100305158 /* ThreadsUITests.xctest */ = {isa = PBXFileReference; explicitFileType = wrapper.cfbundle; includeInIndex = 0; path = ThreadsUITests.xctest; sourceTree = BUILT_PRODUCTS_DIR; };
		95AB99572BCEFD5100305158 /* ThreadsUITests.swift */ = {isa = PBXFileReference; lastKnownFileType = sourcecode.swift; path = ThreadsUITests.swift; sourceTree = "<group>"; };
		95AB99592BCEFD5100305158 /* ThreadsUITestsLaunchTests.swift */ = {isa = PBXFileReference; lastKnownFileType = sourcecode.swift; path = ThreadsUITestsLaunchTests.swift; sourceTree = "<group>"; };
		95AB99732BCEFE3C00305158 /* LoginView.swift */ = {isa = PBXFileReference; lastKnownFileType = sourcecode.swift; path = LoginView.swift; sourceTree = "<group>"; };
		95AB99752BCEFFC300305158 /* Assets.xcassets */ = {isa = PBXFileReference; lastKnownFileType = folder.assetcatalog; name = Assets.xcassets; path = ../../../../../../Downloads/Threads/Threads/Assets.xcassets; sourceTree = "<group>"; };
		95AB99772BD66F1B00305158 /* RegistrationView.swift */ = {isa = PBXFileReference; lastKnownFileType = sourcecode.swift; path = RegistrationView.swift; sourceTree = "<group>"; };
		95AB997A2BD670C000305158 /* ThreadsTextFieldModifier.swift */ = {isa = PBXFileReference; lastKnownFileType = sourcecode.swift; path = ThreadsTextFieldModifier.swift; sourceTree = "<group>"; };
		95AB997D2BD6754F00305158 /* ThreadsTabView.swift */ = {isa = PBXFileReference; lastKnownFileType = sourcecode.swift; path = ThreadsTabView.swift; sourceTree = "<group>"; };
		95AB99812BD6775C00305158 /* FeedView.swift */ = {isa = PBXFileReference; lastKnownFileType = sourcecode.swift; path = FeedView.swift; sourceTree = "<group>"; };
		95AB99842BD677AA00305158 /* ExploreView.swift */ = {isa = PBXFileReference; lastKnownFileType = sourcecode.swift; path = ExploreView.swift; sourceTree = "<group>"; };
		95AB99872BD677E300305158 /* CreateThreadView.swift */ = {isa = PBXFileReference; lastKnownFileType = sourcecode.swift; path = CreateThreadView.swift; sourceTree = "<group>"; };
		95AB998B2BD6780E00305158 /* ActivityView.swift */ = {isa = PBXFileReference; lastKnownFileType = sourcecode.swift; path = ActivityView.swift; sourceTree = "<group>"; };
		95AB998F2BD6783800305158 /* ProfileView.swift */ = {isa = PBXFileReference; lastKnownFileType = sourcecode.swift; path = ProfileView.swift; sourceTree = "<group>"; };
		95AB99932BD6E8A200305158 /* ThreadCell.swift */ = {isa = PBXFileReference; lastKnownFileType = sourcecode.swift; path = ThreadCell.swift; sourceTree = "<group>"; };
		95AB99962BD8503C00305158 /* CircularProfileImageView.swift */ = {isa = PBXFileReference; lastKnownFileType = sourcecode.swift; path = CircularProfileImageView.swift; sourceTree = "<group>"; };
		95AB99982BD850AB00305158 /* UserCell.swift */ = {isa = PBXFileReference; lastKnownFileType = sourcecode.swift; path = UserCell.swift; sourceTree = "<group>"; };
/* End PBXFileReference section */

/* Begin PBXFrameworksBuildPhase section */
		95AB99362BCEFD4D00305158 /* Frameworks */ = {
			isa = PBXFrameworksBuildPhase;
			buildActionMask = 2147483647;
			files = (
			);
			runOnlyForDeploymentPostprocessing = 0;
		};
		95AB99462BCEFD5100305158 /* Frameworks */ = {
			isa = PBXFrameworksBuildPhase;
			buildActionMask = 2147483647;
			files = (
			);
			runOnlyForDeploymentPostprocessing = 0;
		};
		95AB99502BCEFD5100305158 /* Frameworks */ = {
			isa = PBXFrameworksBuildPhase;
			buildActionMask = 2147483647;
			files = (
			);
			runOnlyForDeploymentPostprocessing = 0;
		};
/* End PBXFrameworksBuildPhase section */

/* Begin PBXGroup section */
		95AB99302BCEFD4D00305158 = {
			isa = PBXGroup;
			children = (
				95AB993B2BCEFD4D00305158 /* Threads */,
				95AB994C2BCEFD5100305158 /* ThreadsTests */,
				95AB99562BCEFD5100305158 /* ThreadsUITests */,
				95AB993A2BCEFD4D00305158 /* Products */,
			);
			sourceTree = "<group>";
		};
		95AB993A2BCEFD4D00305158 /* Products */ = {
			isa = PBXGroup;
			children = (
				95AB99392BCEFD4D00305158 /* Threads.app */,
				95AB99492BCEFD5100305158 /* ThreadsTests.xctest */,
				95AB99532BCEFD5100305158 /* ThreadsUITests.xctest */,
			);
			name = Products;
			sourceTree = "<group>";
		};
		95AB993B2BCEFD4D00305158 /* Threads */ = {
			isa = PBXGroup;
			children = (
				95AB99692BCEFD8400305158 /* App */,
				95AB996B2BCEFDC300305158 /* Core */,
				95AB996C2BCEFDC900305158 /* Extensions */,
				95AB996D2BCEFDD200305158 /* Models */,
				95AB996E2BCEFDDA00305158 /* Services */,
				95AB996F2BCEFDE300305158 /* Utilities */,
				95AB993C2BCEFD4D00305158 /* ThreadsApp.swift */,
				95AB99422BCEFD5000305158 /* Preview Content */,
				95AB99752BCEFFC300305158 /* Assets.xcassets */,
			);
			path = Threads;
			sourceTree = "<group>";
		};
		95AB99422BCEFD5000305158 /* Preview Content */ = {
			isa = PBXGroup;
			children = (
				95AB99432BCEFD5000305158 /* Preview Assets.xcassets */,
			);
			path = "Preview Content";
			sourceTree = "<group>";
		};
		95AB994C2BCEFD5100305158 /* ThreadsTests */ = {
			isa = PBXGroup;
			children = (
				95AB994D2BCEFD5100305158 /* ThreadsTests.swift */,
			);
			path = ThreadsTests;
			sourceTree = "<group>";
		};
		95AB99562BCEFD5100305158 /* ThreadsUITests */ = {
			isa = PBXGroup;
			children = (
				95AB99572BCEFD5100305158 /* ThreadsUITests.swift */,
				95AB99592BCEFD5100305158 /* ThreadsUITestsLaunchTests.swift */,
			);
			path = ThreadsUITests;
			sourceTree = "<group>";
		};
		95AB99692BCEFD8400305158 /* App */ = {
			isa = PBXGroup;
			children = (
			);
			path = App;
			sourceTree = "<group>";
		};
		95AB996B2BCEFDC300305158 /* Core */ = {
			isa = PBXGroup;
			children = (
				95AB99952BD8502900305158 /* Components */,
				95AB99892BD677FE00305158 /* Activity */,
				95AB99702BCEFE1700305158 /* Authentication */,
				95AB99832BD6779C00305158 /* Explore */,
				95AB997F2BD6774700305158 /* Feed */,
				95AB998D2BD6782600305158 /* Profile */,
				95AB99712BCEFE2100305158 /* Root */,
				95AB997C2BD6752F00305158 /* TabBar */,
				95AB99862BD677D400305158 /* ThreadCreation */,
			);
			path = Core;
			sourceTree = "<group>";
		};
		95AB996C2BCEFDC900305158 /* Extensions */ = {
			isa = PBXGroup;
			children = (
			);
			path = Extensions;
			sourceTree = "<group>";
		};
		95AB996D2BCEFDD200305158 /* Models */ = {
			isa = PBXGroup;
			children = (
			);
			path = Models;
			sourceTree = "<group>";
		};
		95AB996E2BCEFDDA00305158 /* Services */ = {
			isa = PBXGroup;
			children = (
			);
			path = Services;
			sourceTree = "<group>";
		};
		95AB996F2BCEFDE300305158 /* Utilities */ = {
			isa = PBXGroup;
			children = (
				95AB99792BD670AE00305158 /* ViewModifiers */,
			);
			path = Utilities;
			sourceTree = "<group>";
		};
		95AB99702BCEFE1700305158 /* Authentication */ = {
			isa = PBXGroup;
			children = (
				95AB99722BCEFE3000305158 /* Views */,
			);
			path = Authentication;
			sourceTree = "<group>";
		};
		95AB99712BCEFE2100305158 /* Root */ = {
			isa = PBXGroup;
			children = (
				95AB993E2BCEFD4D00305158 /* ContentView.swift */,
			);
			path = Root;
			sourceTree = "<group>";
		};
		95AB99722BCEFE3000305158 /* Views */ = {
			isa = PBXGroup;
			children = (
				95AB99732BCEFE3C00305158 /* LoginView.swift */,
				95AB99772BD66F1B00305158 /* RegistrationView.swift */,
			);
			path = Views;
			sourceTree = "<group>";
		};
		95AB99792BD670AE00305158 /* ViewModifiers */ = {
			isa = PBXGroup;
			children = (
				95AB997A2BD670C000305158 /* ThreadsTextFieldModifier.swift */,
			);
			path = ViewModifiers;
			sourceTree = "<group>";
		};
		95AB997C2BD6752F00305158 /* TabBar */ = {
			isa = PBXGroup;
			children = (
				95AB997D2BD6754F00305158 /* ThreadsTabView.swift */,
			);
			path = TabBar;
			sourceTree = "<group>";
		};
		95AB997F2BD6774700305158 /* Feed */ = {
			isa = PBXGroup;
			children = (
				95AB99802BD6775000305158 /* View */,
			);
			path = Feed;
			sourceTree = "<group>";
		};
		95AB99802BD6775000305158 /* View */ = {
			isa = PBXGroup;
			children = (
				95AB99812BD6775C00305158 /* FeedView.swift */,
				95AB99932BD6E8A200305158 /* ThreadCell.swift */,
			);
			path = View;
			sourceTree = "<group>";
		};
		95AB99832BD6779C00305158 /* Explore */ = {
			isa = PBXGroup;
			children = (
				95AB99922BD6787B00305158 /* View */,
			);
			path = Explore;
			sourceTree = "<group>";
		};
		95AB99862BD677D400305158 /* ThreadCreation */ = {
			isa = PBXGroup;
			children = (
				95AB99912BD6786000305158 /* View */,
			);
			path = ThreadCreation;
			sourceTree = "<group>";
		};
		95AB99892BD677FE00305158 /* Activity */ = {
			isa = PBXGroup;
			children = (
				95AB998A2BD6780500305158 /* View */,
			);
			path = Activity;
			sourceTree = "<group>";
		};
		95AB998A2BD6780500305158 /* View */ = {
			isa = PBXGroup;
			children = (
				95AB998B2BD6780E00305158 /* ActivityView.swift */,
			);
			path = View;
			sourceTree = "<group>";
		};
		95AB998D2BD6782600305158 /* Profile */ = {
			isa = PBXGroup;
			children = (
				95AB998E2BD6782D00305158 /* View */,
			);
			path = Profile;
			sourceTree = "<group>";
		};
		95AB998E2BD6782D00305158 /* View */ = {
			isa = PBXGroup;
			children = (
				95AB998F2BD6783800305158 /* ProfileView.swift */,
			);
			path = View;
			sourceTree = "<group>";
		};
		95AB99912BD6786000305158 /* View */ = {
			isa = PBXGroup;
			children = (
				95AB99872BD677E300305158 /* CreateThreadView.swift */,
			);
			path = View;
			sourceTree = "<group>";
		};
		95AB99922BD6787B00305158 /* View */ = {
			isa = PBXGroup;
			children = (
				95AB99842BD677AA00305158 /* ExploreView.swift */,
			);
			path = View;
			sourceTree = "<group>";
		};
		95AB99952BD8502900305158 /* Components */ = {
			isa = PBXGroup;
			children = (
				95AB99962BD8503C00305158 /* CircularProfileImageView.swift */,
				95AB99982BD850AB00305158 /* UserCell.swift */,
			);
			path = Components;
			sourceTree = "<group>";
		};
/* End PBXGroup section */

/* Begin PBXNativeTarget section */
		95AB99382BCEFD4D00305158 /* Threads */ = {
			isa = PBXNativeTarget;
			buildConfigurationList = 95AB995D2BCEFD5100305158 /* Build configuration list for PBXNativeTarget "Threads" */;
			buildPhases = (
				95AB99352BCEFD4D00305158 /* Sources */,
				95AB99362BCEFD4D00305158 /* Frameworks */,
				95AB99372BCEFD4D00305158 /* Resources */,
			);
			buildRules = (
			);
			dependencies = (
			);
			name = Threads;
			productName = Threads;
			productReference = 95AB99392BCEFD4D00305158 /* Threads.app */;
			productType = "com.apple.product-type.application";
		};
		95AB99482BCEFD5100305158 /* ThreadsTests */ = {
			isa = PBXNativeTarget;
			buildConfigurationList = 95AB99602BCEFD5100305158 /* Build configuration list for PBXNativeTarget "ThreadsTests" */;
			buildPhases = (
				95AB99452BCEFD5100305158 /* Sources */,
				95AB99462BCEFD5100305158 /* Frameworks */,
				95AB99472BCEFD5100305158 /* Resources */,
			);
			buildRules = (
			);
			dependencies = (
				95AB994B2BCEFD5100305158 /* PBXTargetDependency */,
			);
			name = ThreadsTests;
			productName = ThreadsTests;
			productReference = 95AB99492BCEFD5100305158 /* ThreadsTests.xctest */;
			productType = "com.apple.product-type.bundle.unit-test";
		};
		95AB99522BCEFD5100305158 /* ThreadsUITests */ = {
			isa = PBXNativeTarget;
			buildConfigurationList = 95AB99632BCEFD5100305158 /* Build configuration list for PBXNativeTarget "ThreadsUITests" */;
			buildPhases = (
				95AB994F2BCEFD5100305158 /* Sources */,
				95AB99502BCEFD5100305158 /* Frameworks */,
				95AB99512BCEFD5100305158 /* Resources */,
			);
			buildRules = (
			);
			dependencies = (
				95AB99552BCEFD5100305158 /* PBXTargetDependency */,
			);
			name = ThreadsUITests;
			productName = ThreadsUITests;
			productReference = 95AB99532BCEFD5100305158 /* ThreadsUITests.xctest */;
			productType = "com.apple.product-type.bundle.ui-testing";
		};
/* End PBXNativeTarget section */

/* Begin PBXProject section */
		95AB99312BCEFD4D00305158 /* Project object */ = {
			isa = PBXProject;
			attributes = {
				BuildIndependentTargetsInParallel = 1;
				LastSwiftUpdateCheck = 1420;
				LastUpgradeCheck = 1420;
				TargetAttributes = {
					95AB99382BCEFD4D00305158 = {
						CreatedOnToolsVersion = 14.2;
					};
					95AB99482BCEFD5100305158 = {
						CreatedOnToolsVersion = 14.2;
						TestTargetID = 95AB99382BCEFD4D00305158;
					};
					95AB99522BCEFD5100305158 = {
						CreatedOnToolsVersion = 14.2;
						TestTargetID = 95AB99382BCEFD4D00305158;
					};
				};
			};
			buildConfigurationList = 95AB99342BCEFD4D00305158 /* Build configuration list for PBXProject "Threads" */;
			compatibilityVersion = "Xcode 14.0";
			developmentRegion = en;
			hasScannedForEncodings = 0;
			knownRegions = (
				en,
				Base,
			);
			mainGroup = 95AB99302BCEFD4D00305158;
			productRefGroup = 95AB993A2BCEFD4D00305158 /* Products */;
			projectDirPath = "";
			projectRoot = "";
			targets = (
				95AB99382BCEFD4D00305158 /* Threads */,
				95AB99482BCEFD5100305158 /* ThreadsTests */,
				95AB99522BCEFD5100305158 /* ThreadsUITests */,
			);
		};
/* End PBXProject section */

/* Begin PBXResourcesBuildPhase section */
		95AB99372BCEFD4D00305158 /* Resources */ = {
			isa = PBXResourcesBuildPhase;
			buildActionMask = 2147483647;
			files = (
				95AB99762BCEFFC300305158 /* Assets.xcassets in Resources */,
				95AB99442BCEFD5000305158 /* Preview Assets.xcassets in Resources */,
			);
			runOnlyForDeploymentPostprocessing = 0;
		};
		95AB99472BCEFD5100305158 /* Resources */ = {
			isa = PBXResourcesBuildPhase;
			buildActionMask = 2147483647;
			files = (
			);
			runOnlyForDeploymentPostprocessing = 0;
		};
		95AB99512BCEFD5100305158 /* Resources */ = {
			isa = PBXResourcesBuildPhase;
			buildActionMask = 2147483647;
			files = (
			);
			runOnlyForDeploymentPostprocessing = 0;
		};
/* End PBXResourcesBuildPhase section */

/* Begin PBXSourcesBuildPhase section */
		95AB99352BCEFD4D00305158 /* Sources */ = {
			isa = PBXSourcesBuildPhase;
			buildActionMask = 2147483647;
			files = (
				95AB99822BD6775C00305158 /* FeedView.swift in Sources */,
				95AB99742BCEFE3C00305158 /* LoginView.swift in Sources */,
				95AB993F2BCEFD4D00305158 /* ContentView.swift in Sources */,
				95AB99942BD6E8A200305158 /* ThreadCell.swift in Sources */,
				95AB998C2BD6780E00305158 /* ActivityView.swift in Sources */,
				95AB99972BD8503C00305158 /* CircularProfileImageView.swift in Sources */,
				95AB99992BD850AB00305158 /* UserCell.swift in Sources */,
				95AB99882BD677E400305158 /* CreateThreadView.swift in Sources */,
				95AB997E2BD6754F00305158 /* ThreadsTabView.swift in Sources */,
				95AB997B2BD670C000305158 /* ThreadsTextFieldModifier.swift in Sources */,
				95AB993D2BCEFD4D00305158 /* ThreadsApp.swift in Sources */,
				95AB99852BD677AA00305158 /* ExploreView.swift in Sources */,
				95AB99902BD6783800305158 /* ProfileView.swift in Sources */,
				95AB99782BD66F1B00305158 /* RegistrationView.swift in Sources */,
			);
			runOnlyForDeploymentPostprocessing = 0;
		};
		95AB99452BCEFD5100305158 /* Sources */ = {
			isa = PBXSourcesBuildPhase;
			buildActionMask = 2147483647;
			files = (
				95AB994E2BCEFD5100305158 /* ThreadsTests.swift in Sources */,
			);
			runOnlyForDeploymentPostprocessing = 0;
		};
		95AB994F2BCEFD5100305158 /* Sources */ = {
			isa = PBXSourcesBuildPhase;
			buildActionMask = 2147483647;
			files = (
				95AB995A2BCEFD5100305158 /* ThreadsUITestsLaunchTests.swift in Sources */,
				95AB99582BCEFD5100305158 /* ThreadsUITests.swift in Sources */,
			);
			runOnlyForDeploymentPostprocessing = 0;
		};
/* End PBXSourcesBuildPhase section */

/* Begin PBXTargetDependency section */
		95AB994B2BCEFD5100305158 /* PBXTargetDependency */ = {
			isa = PBXTargetDependency;
			target = 95AB99382BCEFD4D00305158 /* Threads */;
			targetProxy = 95AB994A2BCEFD5100305158 /* PBXContainerItemProxy */;
		};
		95AB99552BCEFD5100305158 /* PBXTargetDependency */ = {
			isa = PBXTargetDependency;
			target = 95AB99382BCEFD4D00305158 /* Threads */;
			targetProxy = 95AB99542BCEFD5100305158 /* PBXContainerItemProxy */;
		};
/* End PBXTargetDependency section */

/* Begin XCBuildConfiguration section */
		95AB995B2BCEFD5100305158 /* Debug */ = {
			isa = XCBuildConfiguration;
			buildSettings = {
				ALWAYS_SEARCH_USER_PATHS = NO;
				CLANG_ANALYZER_NONNULL = YES;
				CLANG_ANALYZER_NUMBER_OBJECT_CONVERSION = YES_AGGRESSIVE;
				CLANG_CXX_LANGUAGE_STANDARD = "gnu++20";
				CLANG_ENABLE_MODULES = YES;
				CLANG_ENABLE_OBJC_ARC = YES;
				CLANG_ENABLE_OBJC_WEAK = YES;
				CLANG_WARN_BLOCK_CAPTURE_AUTORELEASING = YES;
				CLANG_WARN_BOOL_CONVERSION = YES;
				CLANG_WARN_COMMA = YES;
				CLANG_WARN_CONSTANT_CONVERSION = YES;
				CLANG_WARN_DEPRECATED_OBJC_IMPLEMENTATIONS = YES;
				CLANG_WARN_DIRECT_OBJC_ISA_USAGE = YES_ERROR;
				CLANG_WARN_DOCUMENTATION_COMMENTS = YES;
				CLANG_WARN_EMPTY_BODY = YES;
				CLANG_WARN_ENUM_CONVERSION = YES;
				CLANG_WARN_INFINITE_RECURSION = YES;
				CLANG_WARN_INT_CONVERSION = YES;
				CLANG_WARN_NON_LITERAL_NULL_CONVERSION = YES;
				CLANG_WARN_OBJC_IMPLICIT_RETAIN_SELF = YES;
				CLANG_WARN_OBJC_LITERAL_CONVERSION = YES;
				CLANG_WARN_OBJC_ROOT_CLASS = YES_ERROR;
				CLANG_WARN_QUOTED_INCLUDE_IN_FRAMEWORK_HEADER = YES;
				CLANG_WARN_RANGE_LOOP_ANALYSIS = YES;
				CLANG_WARN_STRICT_PROTOTYPES = YES;
				CLANG_WARN_SUSPICIOUS_MOVE = YES;
				CLANG_WARN_UNGUARDED_AVAILABILITY = YES_AGGRESSIVE;
				CLANG_WARN_UNREACHABLE_CODE = YES;
				CLANG_WARN__DUPLICATE_METHOD_MATCH = YES;
				COPY_PHASE_STRIP = NO;
				DEBUG_INFORMATION_FORMAT = dwarf;
				ENABLE_STRICT_OBJC_MSGSEND = YES;
				ENABLE_TESTABILITY = YES;
				GCC_C_LANGUAGE_STANDARD = gnu11;
				GCC_DYNAMIC_NO_PIC = NO;
				GCC_NO_COMMON_BLOCKS = YES;
				GCC_OPTIMIZATION_LEVEL = 0;
				GCC_PREPROCESSOR_DEFINITIONS = (
					"DEBUG=1",
					"$(inherited)",
				);
				GCC_WARN_64_TO_32_BIT_CONVERSION = YES;
				GCC_WARN_ABOUT_RETURN_TYPE = YES_ERROR;
				GCC_WARN_UNDECLARED_SELECTOR = YES;
				GCC_WARN_UNINITIALIZED_AUTOS = YES_AGGRESSIVE;
				GCC_WARN_UNUSED_FUNCTION = YES;
				GCC_WARN_UNUSED_VARIABLE = YES;
				IPHONEOS_DEPLOYMENT_TARGET = 16.2;
				MTL_ENABLE_DEBUG_INFO = INCLUDE_SOURCE;
				MTL_FAST_MATH = YES;
				ONLY_ACTIVE_ARCH = YES;
				SDKROOT = iphoneos;
				SWIFT_ACTIVE_COMPILATION_CONDITIONS = DEBUG;
				SWIFT_OPTIMIZATION_LEVEL = "-Onone";
			};
			name = Debug;
		};
		95AB995C2BCEFD5100305158 /* Release */ = {
			isa = XCBuildConfiguration;
			buildSettings = {
				ALWAYS_SEARCH_USER_PATHS = NO;
				CLANG_ANALYZER_NONNULL = YES;
				CLANG_ANALYZER_NUMBER_OBJECT_CONVERSION = YES_AGGRESSIVE;
				CLANG_CXX_LANGUAGE_STANDARD = "gnu++20";
				CLANG_ENABLE_MODULES = YES;
				CLANG_ENABLE_OBJC_ARC = YES;
				CLANG_ENABLE_OBJC_WEAK = YES;
				CLANG_WARN_BLOCK_CAPTURE_AUTORELEASING = YES;
				CLANG_WARN_BOOL_CONVERSION = YES;
				CLANG_WARN_COMMA = YES;
				CLANG_WARN_CONSTANT_CONVERSION = YES;
				CLANG_WARN_DEPRECATED_OBJC_IMPLEMENTATIONS = YES;
				CLANG_WARN_DIRECT_OBJC_ISA_USAGE = YES_ERROR;
				CLANG_WARN_DOCUMENTATION_COMMENTS = YES;
				CLANG_WARN_EMPTY_BODY = YES;
				CLANG_WARN_ENUM_CONVERSION = YES;
				CLANG_WARN_INFINITE_RECURSION = YES;
				CLANG_WARN_INT_CONVERSION = YES;
				CLANG_WARN_NON_LITERAL_NULL_CONVERSION = YES;
				CLANG_WARN_OBJC_IMPLICIT_RETAIN_SELF = YES;
				CLANG_WARN_OBJC_LITERAL_CONVERSION = YES;
				CLANG_WARN_OBJC_ROOT_CLASS = YES_ERROR;
				CLANG_WARN_QUOTED_INCLUDE_IN_FRAMEWORK_HEADER = YES;
				CLANG_WARN_RANGE_LOOP_ANALYSIS = YES;
				CLANG_WARN_STRICT_PROTOTYPES = YES;
				CLANG_WARN_SUSPICIOUS_MOVE = YES;
				CLANG_WARN_UNGUARDED_AVAILABILITY = YES_AGGRESSIVE;
				CLANG_WARN_UNREACHABLE_CODE = YES;
				CLANG_WARN__DUPLICATE_METHOD_MATCH = YES;
				COPY_PHASE_STRIP = NO;
				DEBUG_INFORMATION_FORMAT = "dwarf-with-dsym";
				ENABLE_NS_ASSERTIONS = NO;
				ENABLE_STRICT_OBJC_MSGSEND = YES;
				GCC_C_LANGUAGE_STANDARD = gnu11;
				GCC_NO_COMMON_BLOCKS = YES;
				GCC_WARN_64_TO_32_BIT_CONVERSION = YES;
				GCC_WARN_ABOUT_RETURN_TYPE = YES_ERROR;
				GCC_WARN_UNDECLARED_SELECTOR = YES;
				GCC_WARN_UNINITIALIZED_AUTOS = YES_AGGRESSIVE;
				GCC_WARN_UNUSED_FUNCTION = YES;
				GCC_WARN_UNUSED_VARIABLE = YES;
				IPHONEOS_DEPLOYMENT_TARGET = 16.2;
				MTL_ENABLE_DEBUG_INFO = NO;
				MTL_FAST_MATH = YES;
				SDKROOT = iphoneos;
				SWIFT_COMPILATION_MODE = wholemodule;
				SWIFT_OPTIMIZATION_LEVEL = "-O";
				VALIDATE_PRODUCT = YES;
			};
			name = Release;
		};
		95AB995E2BCEFD5100305158 /* Debug */ = {
			isa = XCBuildConfiguration;
			buildSettings = {
				ASSETCATALOG_COMPILER_APPICON_NAME = AppIcon;
				ASSETCATALOG_COMPILER_GLOBAL_ACCENT_COLOR_NAME = AccentColor;
				CODE_SIGN_STYLE = Automatic;
				CURRENT_PROJECT_VERSION = 1;
				DEVELOPMENT_ASSET_PATHS = "\"Threads/Preview Content\"";
				DEVELOPMENT_TEAM = XDGVKMUQS5;
				ENABLE_PREVIEWS = YES;
				GENERATE_INFOPLIST_FILE = YES;
				INFOPLIST_KEY_UIApplicationSceneManifest_Generation = YES;
				INFOPLIST_KEY_UIApplicationSupportsIndirectInputEvents = YES;
				INFOPLIST_KEY_UILaunchScreen_Generation = YES;
				INFOPLIST_KEY_UISupportedInterfaceOrientations_iPad = "UIInterfaceOrientationPortrait UIInterfaceOrientationPortraitUpsideDown UIInterfaceOrientationLandscapeLeft UIInterfaceOrientationLandscapeRight";
				INFOPLIST_KEY_UISupportedInterfaceOrientations_iPhone = "UIInterfaceOrientationPortrait UIInterfaceOrientationLandscapeLeft UIInterfaceOrientationLandscapeRight";
				LD_RUNPATH_SEARCH_PATHS = (
					"$(inherited)",
					"@executable_path/Frameworks",
				);
				MARKETING_VERSION = 1.0;
				PRODUCT_BUNDLE_IDENTIFIER = com.victorchang.Threads;
				PRODUCT_NAME = "$(TARGET_NAME)";
				SWIFT_EMIT_LOC_STRINGS = YES;
				SWIFT_VERSION = 5.0;
				TARGETED_DEVICE_FAMILY = "1,2";
			};
			name = Debug;
		};
		95AB995F2BCEFD5100305158 /* Release */ = {
			isa = XCBuildConfiguration;
			buildSettings = {
				ASSETCATALOG_COMPILER_APPICON_NAME = AppIcon;
				ASSETCATALOG_COMPILER_GLOBAL_ACCENT_COLOR_NAME = AccentColor;
				CODE_SIGN_STYLE = Automatic;
				CURRENT_PROJECT_VERSION = 1;
				DEVELOPMENT_ASSET_PATHS = "\"Threads/Preview Content\"";
				DEVELOPMENT_TEAM = XDGVKMUQS5;
				ENABLE_PREVIEWS = YES;
				GENERATE_INFOPLIST_FILE = YES;
				INFOPLIST_KEY_UIApplicationSceneManifest_Generation = YES;
				INFOPLIST_KEY_UIApplicationSupportsIndirectInputEvents = YES;
				INFOPLIST_KEY_UILaunchScreen_Generation = YES;
				INFOPLIST_KEY_UISupportedInterfaceOrientations_iPad = "UIInterfaceOrientationPortrait UIInterfaceOrientationPortraitUpsideDown UIInterfaceOrientationLandscapeLeft UIInterfaceOrientationLandscapeRight";
				INFOPLIST_KEY_UISupportedInterfaceOrientations_iPhone = "UIInterfaceOrientationPortrait UIInterfaceOrientationLandscapeLeft UIInterfaceOrientationLandscapeRight";
				LD_RUNPATH_SEARCH_PATHS = (
					"$(inherited)",
					"@executable_path/Frameworks",
				);
				MARKETING_VERSION = 1.0;
				PRODUCT_BUNDLE_IDENTIFIER = com.victorchang.Threads;
				PRODUCT_NAME = "$(TARGET_NAME)";
				SWIFT_EMIT_LOC_STRINGS = YES;
				SWIFT_VERSION = 5.0;
				TARGETED_DEVICE_FAMILY = "1,2";
			};
			name = Release;
		};
		95AB99612BCEFD5100305158 /* Debug */ = {
			isa = XCBuildConfiguration;
			buildSettings = {
				ALWAYS_EMBED_SWIFT_STANDARD_LIBRARIES = YES;
				BUNDLE_LOADER = "$(TEST_HOST)";
				CODE_SIGN_STYLE = Automatic;
				CURRENT_PROJECT_VERSION = 1;
				DEVELOPMENT_TEAM = XDGVKMUQS5;
				GENERATE_INFOPLIST_FILE = YES;
				IPHONEOS_DEPLOYMENT_TARGET = 16.2;
				MARKETING_VERSION = 1.0;
				PRODUCT_BUNDLE_IDENTIFIER = com.victorchang.ThreadsTests;
				PRODUCT_NAME = "$(TARGET_NAME)";
				SWIFT_EMIT_LOC_STRINGS = NO;
				SWIFT_VERSION = 5.0;
				TARGETED_DEVICE_FAMILY = "1,2";
				TEST_HOST = "$(BUILT_PRODUCTS_DIR)/Threads.app/$(BUNDLE_EXECUTABLE_FOLDER_PATH)/Threads";
			};
			name = Debug;
		};
		95AB99622BCEFD5100305158 /* Release */ = {
			isa = XCBuildConfiguration;
			buildSettings = {
				ALWAYS_EMBED_SWIFT_STANDARD_LIBRARIES = YES;
				BUNDLE_LOADER = "$(TEST_HOST)";
				CODE_SIGN_STYLE = Automatic;
				CURRENT_PROJECT_VERSION = 1;
				DEVELOPMENT_TEAM = XDGVKMUQS5;
				GENERATE_INFOPLIST_FILE = YES;
				IPHONEOS_DEPLOYMENT_TARGET = 16.2;
				MARKETING_VERSION = 1.0;
				PRODUCT_BUNDLE_IDENTIFIER = com.victorchang.ThreadsTests;
				PRODUCT_NAME = "$(TARGET_NAME)";
				SWIFT_EMIT_LOC_STRINGS = NO;
				SWIFT_VERSION = 5.0;
				TARGETED_DEVICE_FAMILY = "1,2";
				TEST_HOST = "$(BUILT_PRODUCTS_DIR)/Threads.app/$(BUNDLE_EXECUTABLE_FOLDER_PATH)/Threads";
			};
			name = Release;
		};
		95AB99642BCEFD5100305158 /* Debug */ = {
			isa = XCBuildConfiguration;
			buildSettings = {
				ALWAYS_EMBED_SWIFT_STANDARD_LIBRARIES = YES;
				CODE_SIGN_STYLE = Automatic;
				CURRENT_PROJECT_VERSION = 1;
				DEVELOPMENT_TEAM = XDGVKMUQS5;
				GENERATE_INFOPLIST_FILE = YES;
				MARKETING_VERSION = 1.0;
				PRODUCT_BUNDLE_IDENTIFIER = com.victorchang.ThreadsUITests;
				PRODUCT_NAME = "$(TARGET_NAME)";
				SWIFT_EMIT_LOC_STRINGS = NO;
				SWIFT_VERSION = 5.0;
				TARGETED_DEVICE_FAMILY = "1,2";
				TEST_TARGET_NAME = Threads;
			};
			name = Debug;
		};
		95AB99652BCEFD5100305158 /* Release */ = {
			isa = XCBuildConfiguration;
			buildSettings = {
				ALWAYS_EMBED_SWIFT_STANDARD_LIBRARIES = YES;
				CODE_SIGN_STYLE = Automatic;
				CURRENT_PROJECT_VERSION = 1;
				DEVELOPMENT_TEAM = XDGVKMUQS5;
				GENERATE_INFOPLIST_FILE = YES;
				MARKETING_VERSION = 1.0;
				PRODUCT_BUNDLE_IDENTIFIER = com.victorchang.ThreadsUITests;
				PRODUCT_NAME = "$(TARGET_NAME)";
				SWIFT_EMIT_LOC_STRINGS = NO;
				SWIFT_VERSION = 5.0;
				TARGETED_DEVICE_FAMILY = "1,2";
				TEST_TARGET_NAME = Threads;
			};
			name = Release;
		};
/* End XCBuildConfiguration section */

/* Begin XCConfigurationList section */
		95AB99342BCEFD4D00305158 /* Build configuration list for PBXProject "Threads" */ = {
			isa = XCConfigurationList;
			buildConfigurations = (
				95AB995B2BCEFD5100305158 /* Debug */,
				95AB995C2BCEFD5100305158 /* Release */,
			);
			defaultConfigurationIsVisible = 0;
			defaultConfigurationName = Release;
		};
		95AB995D2BCEFD5100305158 /* Build configuration list for PBXNativeTarget "Threads" */ = {
			isa = XCConfigurationList;
			buildConfigurations = (
				95AB995E2BCEFD5100305158 /* Debug */,
				95AB995F2BCEFD5100305158 /* Release */,
			);
			defaultConfigurationIsVisible = 0;
			defaultConfigurationName = Release;
		};
		95AB99602BCEFD5100305158 /* Build configuration list for PBXNativeTarget "ThreadsTests" */ = {
			isa = XCConfigurationList;
			buildConfigurations = (
				95AB99612BCEFD5100305158 /* Debug */,
				95AB99622BCEFD5100305158 /* Release */,
			);
			defaultConfigurationIsVisible = 0;
			defaultConfigurationName = Release;
		};
		95AB99632BCEFD5100305158 /* Build configuration list for PBXNativeTarget "ThreadsUITests" */ = {
			isa = XCConfigurationList;
			buildConfigurations = (
				95AB99642BCEFD5100305158 /* Debug */,
				95AB99652BCEFD5100305158 /* Release */,
			);
			defaultConfigurationIsVisible = 0;
			defaultConfigurationName = Release;
		};
/* End XCConfigurationList section */
	};
	rootObject = 95AB99312BCEFD4D00305158 /* Project object */;
}
